{
  "name": "token_test",
  "lockfileVersion": 2,
  "requires": true,
  "packages": {
    "": {
      "dependencies": {
        "jose": "^4.14.4",
        "mitata": "^0.1.6",
        "vixeny": "^0.0.681"
      }
    },
    "node_modules/jose": {
      "version": "4.14.4",
      "resolved": "https://registry.npmjs.org/jose/-/jose-4.14.4.tgz",
      "integrity": "sha512-j8GhLiKmUAh+dsFXlX1aJCbt5KMibuKb+d7j1JaOJG6s2UjX1PQlW+OKB/sD4a/5ZYF4RcmYmLSndOoU3Lt/3g==",
      "funding": {
        "url": "https://github.com/sponsors/panva"
      }
    },
    "node_modules/mitata": {
      "version": "0.1.6",
      "resolved": "https://registry.npmjs.org/mitata/-/mitata-0.1.6.tgz",
      "integrity": "sha512-VKQ0r3jriTOU9E2Z+mwbZrUmbg4Li4QyFfi7kfHKl6reZhGzL0AYlu3wE0VPXzIwA5xnFzmEQoBwCcNT8stUkA=="
    },
    "node_modules/vixeny": {
      "version": "0.0.681",
      "resolved": "https://registry.npmjs.org/vixeny/-/vixeny-0.0.681.tgz",
      "integrity": "sha512-MM2aW8BBKfC/fIJeQdloIhN9IeWAWqPp2Y+T/vIS5sYMUymux6j0hfuIaE0zFRErF8HTOOINwwmc/UlE4nZ44w=="
    }
  },
  "dependencies": {
    "jose": {
      "version": "4.14.4",
      "resolved": "https://registry.npmjs.org/jose/-/jose-4.14.4.tgz",
      "integrity": "sha512-j8GhLiKmUAh+dsFXlX1aJCbt5KMibuKb+d7j1JaOJG6s2UjX1PQlW+OKB/sD4a/5ZYF4RcmYmLSndOoU3Lt/3g=="
    },
    "mitata": {
      "version": "0.1.6",
      "resolved": "https://registry.npmjs.org/mitata/-/mitata-0.1.6.tgz",
      "integrity": "sha512-VKQ0r3jriTOU9E2Z+mwbZrUmbg4Li4QyFfi7kfHKl6reZhGzL0AYlu3wE0VPXzIwA5xnFzmEQoBwCcNT8stUkA=="
    },
    "vixeny": {
      "version": "0.0.681",
      "resolved": "https://registry.npmjs.org/vixeny/-/vixeny-0.0.681.tgz",
      "integrity": "sha512-MM2aW8BBKfC/fIJeQdloIhN9IeWAWqPp2Y+T/vIS5sYMUymux6j0hfuIaE0zFRErF8HTOOINwwmc/UlE4nZ44w=="
    }
  }
}
